PODS:
  - 1PasswordExtension (1.8.3)
  - UICKeyChainStore (2.0.7)

DEPENDENCIES:
  - 1PasswordExtension (~> 1.8.3)
  - UICKeyChainStore (~> 2.0.6)

SPEC CHECKSUMS:
  1PasswordExtension: 8757dc3302353731dd3e678e63b5023a708783cb
  UICKeyChainStore: 696cd35083f7c8fb5e201d909b7e6aea6b478575

PODFILE CHECKSUM: 68e38dda0afd75e8844ea115f13a8d6ae9c24b7d

COCOAPODS: 1.0.1
