PODS:
  - 1PasswordExtension (1.5)
  - UICKeyChainStore (2.0.6)

DEPENDENCIES:
  - 1PasswordExtension (~> 1.2)
  - UICKeyChainStore (~> 2.0.6)

SPEC CHECKSUMS:
  1PasswordExtension: d2392e44526be30ae7d23f305e96e411ede9b9d1
  UICKeyChainStore: c5719c814e8bd69e74e4a0fc09daf8f4d6257a59

COCOAPODS: 0.39.0
