// !$*UTF8*$!
{
	archiveVersion = 1;
	classes = {
	};
	objectVersion = 46;
	objects = {

/* Begin PBXBuildFile section */
		2C07140E1DD41B9600993835 /* SouncloudClient.swift in Sources */ = {isa = PBXBuildFile; fileRef = 2C07140D1DD41B9600993835 /* SouncloudClient.swift */; };
		2C07140F1DD41B9600993835 /* SouncloudClient.swift in Sources */ = {isa = PBXBuildFile; fileRef = 2C07140D1DD41B9600993835 /* SouncloudClient.swift */; };
		2C0714101DD41B9600993835 /* SouncloudClient.swift in Sources */ = {isa = PBXBuildFile; fileRef = 2C07140D1DD41B9600993835 /* SouncloudClient.swift */; };
		2C0714111DD41B9600993835 /* SouncloudClient.swift in Sources */ = {isa = PBXBuildFile; fileRef = 2C07140D1DD41B9600993835 /* SouncloudClient.swift */; };
		2C0714131DD41BB500993835 /* Soundcloud.swift in Sources */ = {isa = PBXBuildFile; fileRef = 2C0714121DD41BB500993835 /* Soundcloud.swift */; };
		2C0714141DD41BB500993835 /* Soundcloud.swift in Sources */ = {isa = PBXBuildFile; fileRef = 2C0714121DD41BB500993835 /* Soundcloud.swift */; };
		2C0714151DD41BB500993835 /* Soundcloud.swift in Sources */ = {isa = PBXBuildFile; fileRef = 2C0714121DD41BB500993835 /* Soundcloud.swift */; };
		2C0714161DD41BB500993835 /* Soundcloud.swift in Sources */ = {isa = PBXBuildFile; fileRef = 2C0714121DD41BB500993835 /* Soundcloud.swift */; };
		460388C51C3D901000997DC8 /* DictionaryExtension.swift in Sources */ = {isa = PBXBuildFile; fileRef = 4644B0BC1AEBC58100D3B495 /* DictionaryExtension.swift */; };
		460388C61C3D901000997DC8 /* URLExtension.swift in Sources */ = {isa = PBXBuildFile; fileRef = 4644B0BE1AEBC76E00D3B495 /* URLExtension.swift */; };
		460388C71C3D901000997DC8 /* StringExtension.swift in Sources */ = {isa = PBXBuildFile; fileRef = 461FA2CB1AFBC6DD00F585C8 /* StringExtension.swift */; };
		460388C81C3D901000997DC8 /* Request.swift in Sources */ = {isa = PBXBuildFile; fileRef = 465308A91AB5C73700766A62 /* Request.swift */; };
		460388C91C3D901000997DC8 /* TrackRequest.swift in Sources */ = {isa = PBXBuildFile; fileRef = 4644B0C01AEBD01900D3B495 /* TrackRequest.swift */; };
		460388CA1C3D901000997DC8 /* UserRequest.swift in Sources */ = {isa = PBXBuildFile; fileRef = 4644B0C21AEBD0FA00D3B495 /* UserRequest.swift */; };
		460388CB1C3D901000997DC8 /* PlaylistRequest.swift in Sources */ = {isa = PBXBuildFile; fileRef = 464565D21B73BCC500839812 /* PlaylistRequest.swift */; };
		460388CC1C3D901000997DC8 /* APIResponse.swift in Sources */ = {isa = PBXBuildFile; fileRef = 4641ECB11BD7F79900D0D315 /* APIResponse.swift */; };
		460388CD1C3D901000997DC8 /* Comment.swift in Sources */ = {isa = PBXBuildFile; fileRef = 4637FD891B30A39700286C14 /* Comment.swift */; };
		460388CE1C3D901000997DC8 /* Enums.swift in Sources */ = {isa = PBXBuildFile; fileRef = 4656CE8F1A9D098300319B94 /* Enums.swift */; };
		460388CF1C3D901000997DC8 /* App.swift in Sources */ = {isa = PBXBuildFile; fileRef = 4656CE8D1A9CF0DC00319B94 /* App.swift */; };
		460388D01C3D901000997DC8 /* User.swift in Sources */ = {isa = PBXBuildFile; fileRef = 4656CE871A9CF0A800319B94 /* User.swift */; };
		460388D11C3D901000997DC8 /* Track.swift in Sources */ = {isa = PBXBuildFile; fileRef = 4656CE891A9CF0BE00319B94 /* Track.swift */; };
		460388D21C3D901000997DC8 /* Playlist.swift in Sources */ = {isa = PBXBuildFile; fileRef = 4656CE8B1A9CF0CD00319B94 /* Playlist.swift */; };
		460388D31C3D901000997DC8 /* ImageURLs.swift in Sources */ = {isa = PBXBuildFile; fileRef = 4626792D1AED041B003771C9 /* ImageURLs.swift */; };
		460388D41C3D901000997DC8 /* SearchQuery.swift in Sources */ = {isa = PBXBuildFile; fileRef = 465877181BD394AA0080F05A /* SearchQuery.swift */; };
		460388D71C3D903C00997DC8 /* DictionaryExtension.swift in Sources */ = {isa = PBXBuildFile; fileRef = 4644B0BC1AEBC58100D3B495 /* DictionaryExtension.swift */; };
		460388D81C3D903C00997DC8 /* URLExtension.swift in Sources */ = {isa = PBXBuildFile; fileRef = 4644B0BE1AEBC76E00D3B495 /* URLExtension.swift */; };
		460388D91C3D903C00997DC8 /* StringExtension.swift in Sources */ = {isa = PBXBuildFile; fileRef = 461FA2CB1AFBC6DD00F585C8 /* StringExtension.swift */; };
		460388DA1C3D903C00997DC8 /* Request.swift in Sources */ = {isa = PBXBuildFile; fileRef = 465308A91AB5C73700766A62 /* Request.swift */; };
		460388DB1C3D903C00997DC8 /* TrackRequest.swift in Sources */ = {isa = PBXBuildFile; fileRef = 4644B0C01AEBD01900D3B495 /* TrackRequest.swift */; };
		460388DC1C3D903C00997DC8 /* UserRequest.swift in Sources */ = {isa = PBXBuildFile; fileRef = 4644B0C21AEBD0FA00D3B495 /* UserRequest.swift */; };
		460388DD1C3D903C00997DC8 /* PlaylistRequest.swift in Sources */ = {isa = PBXBuildFile; fileRef = 464565D21B73BCC500839812 /* PlaylistRequest.swift */; };
		460388DE1C3D903C00997DC8 /* APIResponse.swift in Sources */ = {isa = PBXBuildFile; fileRef = 4641ECB11BD7F79900D0D315 /* APIResponse.swift */; };
		460388DF1C3D903C00997DC8 /* Comment.swift in Sources */ = {isa = PBXBuildFile; fileRef = 4637FD891B30A39700286C14 /* Comment.swift */; };
		460388E01C3D903C00997DC8 /* Enums.swift in Sources */ = {isa = PBXBuildFile; fileRef = 4656CE8F1A9D098300319B94 /* Enums.swift */; };
		460388E11C3D903C00997DC8 /* App.swift in Sources */ = {isa = PBXBuildFile; fileRef = 4656CE8D1A9CF0DC00319B94 /* App.swift */; };
		460388E21C3D903C00997DC8 /* User.swift in Sources */ = {isa = PBXBuildFile; fileRef = 4656CE871A9CF0A800319B94 /* User.swift */; };
		460388E31C3D903C00997DC8 /* Track.swift in Sources */ = {isa = PBXBuildFile; fileRef = 4656CE891A9CF0BE00319B94 /* Track.swift */; };
		460388E41C3D903C00997DC8 /* Playlist.swift in Sources */ = {isa = PBXBuildFile; fileRef = 4656CE8B1A9CF0CD00319B94 /* Playlist.swift */; };
		460388E51C3D903C00997DC8 /* ImageURLs.swift in Sources */ = {isa = PBXBuildFile; fileRef = 4626792D1AED041B003771C9 /* ImageURLs.swift */; };
		460388E61C3D903C00997DC8 /* SearchQuery.swift in Sources */ = {isa = PBXBuildFile; fileRef = 465877181BD394AA0080F05A /* SearchQuery.swift */; };
		460388F01C3EDE5C00997DC8 /* Soundcloud OSX.h in Headers */ = {isa = PBXBuildFile; fileRef = 460388EF1C3EDE5C00997DC8 /* Soundcloud OSX.h */; settings = {ATTRIBUTES = (Public, ); }; };
		460388F61C3EDE8000997DC8 /* DictionaryExtension.swift in Sources */ = {isa = PBXBuildFile; fileRef = 4644B0BC1AEBC58100D3B495 /* DictionaryExtension.swift */; };
		460388F71C3EDE8000997DC8 /* URLExtension.swift in Sources */ = {isa = PBXBuildFile; fileRef = 4644B0BE1AEBC76E00D3B495 /* URLExtension.swift */; };
		460388F81C3EDE8000997DC8 /* StringExtension.swift in Sources */ = {isa = PBXBuildFile; fileRef = 461FA2CB1AFBC6DD00F585C8 /* StringExtension.swift */; };
		460388F91C3EDE8000997DC8 /* Request.swift in Sources */ = {isa = PBXBuildFile; fileRef = 465308A91AB5C73700766A62 /* Request.swift */; };
		460388FA1C3EDE8000997DC8 /* TrackRequest.swift in Sources */ = {isa = PBXBuildFile; fileRef = 4644B0C01AEBD01900D3B495 /* TrackRequest.swift */; };
		460388FB1C3EDE8000997DC8 /* UserRequest.swift in Sources */ = {isa = PBXBuildFile; fileRef = 4644B0C21AEBD0FA00D3B495 /* UserRequest.swift */; };
		460388FC1C3EDE8000997DC8 /* PlaylistRequest.swift in Sources */ = {isa = PBXBuildFile; fileRef = 464565D21B73BCC500839812 /* PlaylistRequest.swift */; };
		460388FD1C3EDE8000997DC8 /* APIResponse.swift in Sources */ = {isa = PBXBuildFile; fileRef = 4641ECB11BD7F79900D0D315 /* APIResponse.swift */; };
		460388FE1C3EDE8000997DC8 /* Comment.swift in Sources */ = {isa = PBXBuildFile; fileRef = 4637FD891B30A39700286C14 /* Comment.swift */; };
		460388FF1C3EDE8000997DC8 /* Enums.swift in Sources */ = {isa = PBXBuildFile; fileRef = 4656CE8F1A9D098300319B94 /* Enums.swift */; };
		460389001C3EDE8000997DC8 /* App.swift in Sources */ = {isa = PBXBuildFile; fileRef = 4656CE8D1A9CF0DC00319B94 /* App.swift */; };
		460389011C3EDE8000997DC8 /* User.swift in Sources */ = {isa = PBXBuildFile; fileRef = 4656CE871A9CF0A800319B94 /* User.swift */; };
		460389021C3EDE8000997DC8 /* Track.swift in Sources */ = {isa = PBXBuildFile; fileRef = 4656CE891A9CF0BE00319B94 /* Track.swift */; };
		460389031C3EDE8000997DC8 /* Playlist.swift in Sources */ = {isa = PBXBuildFile; fileRef = 4656CE8B1A9CF0CD00319B94 /* Playlist.swift */; };
		460389041C3EDE8000997DC8 /* ImageURLs.swift in Sources */ = {isa = PBXBuildFile; fileRef = 4626792D1AED041B003771C9 /* ImageURLs.swift */; };
		460389051C3EDE8000997DC8 /* SearchQuery.swift in Sources */ = {isa = PBXBuildFile; fileRef = 465877181BD394AA0080F05A /* SearchQuery.swift */; };
		460B334C1B636A0E00B76558 /* UserTests.swift in Sources */ = {isa = PBXBuildFile; fileRef = 460B334A1B636A0E00B76558 /* UserTests.swift */; };
		460EEF8C1B5A4B1A004444C6 /* AppDelegate.swift in Sources */ = {isa = PBXBuildFile; fileRef = 460EEF8B1B5A4B1A004444C6 /* AppDelegate.swift */; };
		460EEF911B5A4B1A004444C6 /* Main.storyboard in Resources */ = {isa = PBXBuildFile; fileRef = 460EEF8F1B5A4B1A004444C6 /* Main.storyboard */; };
		460EEF931B5A4B1A004444C6 /* Images.xcassets in Resources */ = {isa = PBXBuildFile; fileRef = 460EEF921B5A4B1A004444C6 /* Images.xcassets */; };
		460EEF961B5A4B1A004444C6 /* LaunchScreen.xib in Resources */ = {isa = PBXBuildFile; fileRef = 460EEF941B5A4B1A004444C6 /* LaunchScreen.xib */; };
		461FA2CC1AFBC6DD00F585C8 /* StringExtension.swift in Sources */ = {isa = PBXBuildFile; fileRef = 461FA2CB1AFBC6DD00F585C8 /* StringExtension.swift */; };
		46263CB01C3D894000FA0E03 /* Soundcloud tvOS.h in Headers */ = {isa = PBXBuildFile; fileRef = 46263CAF1C3D894000FA0E03 /* Soundcloud tvOS.h */; settings = {ATTRIBUTES = (Public, ); }; };
		4626792E1AED041B003771C9 /* ImageURLs.swift in Sources */ = {isa = PBXBuildFile; fileRef = 4626792D1AED041B003771C9 /* ImageURLs.swift */; };
		462D02D81DBC45E4004C1AD0 /* SearchViewController.swift in Sources */ = {isa = PBXBuildFile; fileRef = 462D02D71DBC45E4004C1AD0 /* SearchViewController.swift */; };
		462D02DA1DBC4E31004C1AD0 /* UserViewController.swift in Sources */ = {isa = PBXBuildFile; fileRef = 462D02D91DBC4E31004C1AD0 /* UserViewController.swift */; };
		462D02DC1DBC4E71004C1AD0 /* UserListViewController.swift in Sources */ = {isa = PBXBuildFile; fileRef = 462D02DB1DBC4E71004C1AD0 /* UserListViewController.swift */; };
		462D02DE1DBC4E8C004C1AD0 /* TrackListViewController.swift in Sources */ = {isa = PBXBuildFile; fileRef = 462D02DD1DBC4E8C004C1AD0 /* TrackListViewController.swift */; };
		462D02E01DBD3FAA004C1AD0 /* TrackTableViewCell.swift in Sources */ = {isa = PBXBuildFile; fileRef = 462D02DF1DBD3FAA004C1AD0 /* TrackTableViewCell.swift */; };
		462D02E21DBD49F2004C1AD0 /* UserTableViewCell.swift in Sources */ = {isa = PBXBuildFile; fileRef = 462D02E11DBD49F2004C1AD0 /* UserTableViewCell.swift */; };
		4637FD8A1B30A39700286C14 /* Comment.swift in Sources */ = {isa = PBXBuildFile; fileRef = 4637FD891B30A39700286C14 /* Comment.swift */; };
		4639E1DC1DA9ABBA00DE407E /* SoundcloudWebViewController.swift in Sources */ = {isa = PBXBuildFile; fileRef = 46D1CC341B5A38210043381B /* SoundcloudWebViewController.swift */; };
		4639E1DD1DA9ABBB00DE407E /* SoundcloudWebViewController.swift in Sources */ = {isa = PBXBuildFile; fileRef = 46D1CC341B5A38210043381B /* SoundcloudWebViewController.swift */; };
		4641ECB21BD7F79900D0D315 /* APIResponse.swift in Sources */ = {isa = PBXBuildFile; fileRef = 4641ECB11BD7F79900D0D315 /* APIResponse.swift */; };
		4644B0BD1AEBC58100D3B495 /* DictionaryExtension.swift in Sources */ = {isa = PBXBuildFile; fileRef = 4644B0BC1AEBC58100D3B495 /* DictionaryExtension.swift */; };
		4644B0BF1AEBC76E00D3B495 /* URLExtension.swift in Sources */ = {isa = PBXBuildFile; fileRef = 4644B0BE1AEBC76E00D3B495 /* URLExtension.swift */; };
		4644B0C11AEBD01900D3B495 /* TrackRequest.swift in Sources */ = {isa = PBXBuildFile; fileRef = 4644B0C01AEBD01900D3B495 /* TrackRequest.swift */; };
		4644B0C31AEBD0FA00D3B495 /* UserRequest.swift in Sources */ = {isa = PBXBuildFile; fileRef = 4644B0C21AEBD0FA00D3B495 /* UserRequest.swift */; };
		464565D31B73BCC500839812 /* PlaylistRequest.swift in Sources */ = {isa = PBXBuildFile; fileRef = 464565D21B73BCC500839812 /* PlaylistRequest.swift */; };
		465308AA1AB5C73700766A62 /* Request.swift in Sources */ = {isa = PBXBuildFile; fileRef = 465308A91AB5C73700766A62 /* Request.swift */; };
		4655B81D1C88B7E2003B378E /* Activity.swift in Sources */ = {isa = PBXBuildFile; fileRef = 4655B81C1C88B7E2003B378E /* Activity.swift */; };
		4655B81E1C88B7E2003B378E /* Activity.swift in Sources */ = {isa = PBXBuildFile; fileRef = 4655B81C1C88B7E2003B378E /* Activity.swift */; };
		4655B81F1C88B7E2003B378E /* Activity.swift in Sources */ = {isa = PBXBuildFile; fileRef = 4655B81C1C88B7E2003B378E /* Activity.swift */; };
		4655B8201C88BA14003B378E /* Activity.swift in Sources */ = {isa = PBXBuildFile; fileRef = 4655B81C1C88B7E2003B378E /* Activity.swift */; };
		4656CE7D1A9CF05600319B94 /* SoundcloudTests.swift in Sources */ = {isa = PBXBuildFile; fileRef = 4656CE7C1A9CF05600319B94 /* SoundcloudTests.swift */; };
		4656CE881A9CF0A800319B94 /* User.swift in Sources */ = {isa = PBXBuildFile; fileRef = 4656CE871A9CF0A800319B94 /* User.swift */; };
		4656CE8A1A9CF0BE00319B94 /* Track.swift in Sources */ = {isa = PBXBuildFile; fileRef = 4656CE891A9CF0BE00319B94 /* Track.swift */; };
		4656CE8C1A9CF0CD00319B94 /* Playlist.swift in Sources */ = {isa = PBXBuildFile; fileRef = 4656CE8B1A9CF0CD00319B94 /* Playlist.swift */; };
		4656CE8E1A9CF0DC00319B94 /* App.swift in Sources */ = {isa = PBXBuildFile; fileRef = 4656CE8D1A9CF0DC00319B94 /* App.swift */; };
		4656CE901A9D098300319B94 /* Enums.swift in Sources */ = {isa = PBXBuildFile; fileRef = 4656CE8F1A9D098300319B94 /* Enums.swift */; };
		465877191BD394AA0080F05A /* SearchQuery.swift in Sources */ = {isa = PBXBuildFile; fileRef = 465877181BD394AA0080F05A /* SearchQuery.swift */; };
		465923771B636A8A0090056E /* TrackTests.swift in Sources */ = {isa = PBXBuildFile; fileRef = 465923761B636A8A0090056E /* TrackTests.swift */; };
		465923791B636AA40090056E /* RequestTests.swift in Sources */ = {isa = PBXBuildFile; fileRef = 465923781B636AA40090056E /* RequestTests.swift */; };
		46A2CED41D11CED4005DA1FB /* DataExtension.swift in Sources */ = {isa = PBXBuildFile; fileRef = 46A2CED31D11CED4005DA1FB /* DataExtension.swift */; };
		46A2CED51D11D8D3005DA1FB /* DataExtension.swift in Sources */ = {isa = PBXBuildFile; fileRef = 46A2CED31D11CED4005DA1FB /* DataExtension.swift */; };
		46A2CED61D11D8D3005DA1FB /* DataExtension.swift in Sources */ = {isa = PBXBuildFile; fileRef = 46A2CED31D11CED4005DA1FB /* DataExtension.swift */; };
		46A2CED71D11D8D7005DA1FB /* DataExtension.swift in Sources */ = {isa = PBXBuildFile; fileRef = 46A2CED31D11CED4005DA1FB /* DataExtension.swift */; };
		46BA61A21B5D4DBA0066ECE4 /* Soundcloud.framework in Frameworks */ = {isa = PBXBuildFile; fileRef = 4656CE6A1A9CF05600319B94 /* Soundcloud.framework */; };
		46BA61A31B5D4DBA0066ECE4 /* Soundcloud.framework in Embed Frameworks */ = {isa = PBXBuildFile; fileRef = 4656CE6A1A9CF05600319B94 /* Soundcloud.framework */; settings = {ATTRIBUTES = (CodeSignOnCopy, RemoveHeadersOnCopy, ); }; };
		46D1CC351B5A38210043381B /* SoundcloudWebViewController.swift in Sources */ = {isa = PBXBuildFile; fileRef = 46D1CC341B5A38210043381B /* SoundcloudWebViewController.swift */; };
		8CD7B04F20ED7C1CC7D62252 /* Pods_SoundcloudTests.framework in Frameworks */ = {isa = PBXBuildFile; fileRef = 770305D1294D351AB3BB971D /* Pods_SoundcloudTests.framework */; };
		BFC58A13CF785262F83AB912 /* Pods_Soundcloud_OSX.framework in Frameworks */ = {isa = PBXBuildFile; fileRef = 2750B52054D3F9405C3CC849 /* Pods_Soundcloud_OSX.framework */; };
		CB73E31C9FA5EF86A4E2E083 /* Pods_Soundcloud_iOS.framework in Frameworks */ = {isa = PBXBuildFile; fileRef = F7B30D2BEBAD88DB9815D6B6 /* Pods_Soundcloud_iOS.framework */; };
		D30E7CE5BD6AFD1EF2494E77 /* Pods_SoundcloudAppTest.framework in Frameworks */ = {isa = PBXBuildFile; fileRef = BC5368B65C772E86D828B326 /* Pods_SoundcloudAppTest.framework */; };
/* End PBXBuildFile section */

/* Begin PBXContainerItemProxy section */
		4656CE771A9CF05600319B94 /* PBXContainerItemProxy */ = {
			isa = PBXContainerItemProxy;
			containerPortal = 4656CE611A9CF05600319B94 /* Project object */;
			proxyType = 1;
			remoteGlobalIDString = 4656CE691A9CF05600319B94;
			remoteInfo = SoundcloudSDK;
		};
		469AE0731B5A6B90001DABD8 /* PBXContainerItemProxy */ = {
			isa = PBXContainerItemProxy;
			containerPortal = 4656CE611A9CF05600319B94 /* Project object */;
			proxyType = 1;
			remoteGlobalIDString = 4656CE691A9CF05600319B94;
			remoteInfo = Soundcloud;
		};
/* End PBXContainerItemProxy section */

/* Begin PBXCopyFilesBuildPhase section */
		46BA61A41B5D4DBA0066ECE4 /* Embed Frameworks */ = {
			isa = PBXCopyFilesBuildPhase;
			buildActionMask = 2147483647;
			dstPath = "";
			dstSubfolderSpec = 10;
			files = (
				46BA61A31B5D4DBA0066ECE4 /* Soundcloud.framework in Embed Frameworks */,
			);
			name = "Embed Frameworks";
			runOnlyForDeploymentPostprocessing = 0;
		};
/* End PBXCopyFilesBuildPhase section */

/* Begin PBXFileReference section */
		2750B52054D3F9405C3CC849 /* Pods_Soundcloud_OSX.framework */ = {isa = PBXFileReference; explicitFileType = wrapper.framework; includeInIndex = 0; path = Pods_Soundcloud_OSX.framework; sourceTree = BUILT_PRODUCTS_DIR; };
		2C07140D1DD41B9600993835 /* SouncloudClient.swift */ = {isa = PBXFileReference; fileEncoding = 4; lastKnownFileType = sourcecode.swift; path = SouncloudClient.swift; sourceTree = "<group>"; };
		2C0714121DD41BB500993835 /* Soundcloud.swift */ = {isa = PBXFileReference; fileEncoding = 4; lastKnownFileType = sourcecode.swift; path = Soundcloud.swift; sourceTree = "<group>"; };
		36046970757CE2580A874E20 /* Pods-Soundcloud OSX.debug.xcconfig */ = {isa = PBXFileReference; includeInIndex = 1; lastKnownFileType = text.xcconfig; name = "Pods-Soundcloud OSX.debug.xcconfig"; path = "Pods/Target Support Files/Pods-Soundcloud OSX/Pods-Soundcloud OSX.debug.xcconfig"; sourceTree = "<group>"; };
		40A6BB46199562B92583089E /* Pods-SoundcloudTests.debug.xcconfig */ = {isa = PBXFileReference; includeInIndex = 1; lastKnownFileType = text.xcconfig; name = "Pods-SoundcloudTests.debug.xcconfig"; path = "Pods/Target Support Files/Pods-SoundcloudTests/Pods-SoundcloudTests.debug.xcconfig"; sourceTree = "<group>"; };
		460388ED1C3EDE5C00997DC8 /* Soundcloud.framework */ = {isa = PBXFileReference; explicitFileType = wrapper.framework; includeInIndex = 0; path = Soundcloud.framework; sourceTree = BUILT_PRODUCTS_DIR; };
		460388EF1C3EDE5C00997DC8 /* Soundcloud OSX.h */ = {isa = PBXFileReference; lastKnownFileType = sourcecode.c.h; path = "Soundcloud OSX.h"; sourceTree = "<group>"; };
		460388F11C3EDE5C00997DC8 /* Info.plist */ = {isa = PBXFileReference; lastKnownFileType = text.plist.xml; path = Info.plist; sourceTree = "<group>"; };
		460B334A1B636A0E00B76558 /* UserTests.swift */ = {isa = PBXFileReference; fileEncoding = 4; lastKnownFileType = sourcecode.swift; path = UserTests.swift; sourceTree = "<group>"; };
		460EEF871B5A4B1A004444C6 /* SoundcloudAppTest.app */ = {isa = PBXFileReference; explicitFileType = wrapper.application; includeInIndex = 0; path = SoundcloudAppTest.app; sourceTree = BUILT_PRODUCTS_DIR; };
		460EEF8A1B5A4B1A004444C6 /* Info.plist */ = {isa = PBXFileReference; lastKnownFileType = text.plist.xml; path = Info.plist; sourceTree = "<group>"; };
		460EEF8B1B5A4B1A004444C6 /* AppDelegate.swift */ = {isa = PBXFileReference; lastKnownFileType = sourcecode.swift; path = AppDelegate.swift; sourceTree = "<group>"; };
		460EEF901B5A4B1A004444C6 /* Base */ = {isa = PBXFileReference; lastKnownFileType = file.storyboard; name = Base; path = Base.lproj/Main.storyboard; sourceTree = "<group>"; };
		460EEF921B5A4B1A004444C6 /* Images.xcassets */ = {isa = PBXFileReference; lastKnownFileType = folder.assetcatalog; path = Images.xcassets; sourceTree = "<group>"; };
		460EEF951B5A4B1A004444C6 /* Base */ = {isa = PBXFileReference; lastKnownFileType = file.xib; name = Base; path = Base.lproj/LaunchScreen.xib; sourceTree = "<group>"; };
		461FA2CB1AFBC6DD00F585C8 /* StringExtension.swift */ = {isa = PBXFileReference; fileEncoding = 4; lastKnownFileType = sourcecode.swift; path = StringExtension.swift; sourceTree = "<group>"; };
		46263CAD1C3D894000FA0E03 /* Soundcloud.framework */ = {isa = PBXFileReference; explicitFileType = wrapper.framework; includeInIndex = 0; path = Soundcloud.framework; sourceTree = BUILT_PRODUCTS_DIR; };
		46263CAF1C3D894000FA0E03 /* Soundcloud tvOS.h */ = {isa = PBXFileReference; lastKnownFileType = sourcecode.c.h; path = "Soundcloud tvOS.h"; sourceTree = "<group>"; };
		46263CB11C3D894000FA0E03 /* Info.plist */ = {isa = PBXFileReference; lastKnownFileType = text.plist.xml; path = Info.plist; sourceTree = "<group>"; };
		4626792D1AED041B003771C9 /* ImageURLs.swift */ = {isa = PBXFileReference; fileEncoding = 4; lastKnownFileType = sourcecode.swift; path = ImageURLs.swift; sourceTree = "<group>"; };
		462679661AED57FC003771C9 /* Soundcloud iOS.h */ = {isa = PBXFileReference; lastKnownFileType = sourcecode.c.h; path = "Soundcloud iOS.h"; sourceTree = "<group>"; };
		462D02D71DBC45E4004C1AD0 /* SearchViewController.swift */ = {isa = PBXFileReference; fileEncoding = 4; lastKnownFileType = sourcecode.swift; path = SearchViewController.swift; sourceTree = "<group>"; };
		462D02D91DBC4E31004C1AD0 /* UserViewController.swift */ = {isa = PBXFileReference; fileEncoding = 4; lastKnownFileType = sourcecode.swift; path = UserViewController.swift; sourceTree = "<group>"; };
		462D02DB1DBC4E71004C1AD0 /* UserListViewController.swift */ = {isa = PBXFileReference; fileEncoding = 4; lastKnownFileType = sourcecode.swift; path = UserListViewController.swift; sourceTree = "<group>"; };
		462D02DD1DBC4E8C004C1AD0 /* TrackListViewController.swift */ = {isa = PBXFileReference; fileEncoding = 4; lastKnownFileType = sourcecode.swift; path = TrackListViewController.swift; sourceTree = "<group>"; };
		462D02DF1DBD3FAA004C1AD0 /* TrackTableViewCell.swift */ = {isa = PBXFileReference; fileEncoding = 4; lastKnownFileType = sourcecode.swift; path = TrackTableViewCell.swift; sourceTree = "<group>"; };
		462D02E11DBD49F2004C1AD0 /* UserTableViewCell.swift */ = {isa = PBXFileReference; fileEncoding = 4; lastKnownFileType = sourcecode.swift; path = UserTableViewCell.swift; sourceTree = "<group>"; };
		4637FD891B30A39700286C14 /* Comment.swift */ = {isa = PBXFileReference; fileEncoding = 4; lastKnownFileType = sourcecode.swift; path = Comment.swift; sourceTree = "<group>"; };
		4641ECB11BD7F79900D0D315 /* APIResponse.swift */ = {isa = PBXFileReference; fileEncoding = 4; lastKnownFileType = sourcecode.swift; path = APIResponse.swift; sourceTree = "<group>"; };
		4644B0BC1AEBC58100D3B495 /* DictionaryExtension.swift */ = {isa = PBXFileReference; fileEncoding = 4; lastKnownFileType = sourcecode.swift; path = DictionaryExtension.swift; sourceTree = "<group>"; };
		4644B0BE1AEBC76E00D3B495 /* URLExtension.swift */ = {isa = PBXFileReference; fileEncoding = 4; lastKnownFileType = sourcecode.swift; path = URLExtension.swift; sourceTree = "<group>"; };
		4644B0C01AEBD01900D3B495 /* TrackRequest.swift */ = {isa = PBXFileReference; fileEncoding = 4; lastKnownFileType = sourcecode.swift; path = TrackRequest.swift; sourceTree = "<group>"; };
		4644B0C21AEBD0FA00D3B495 /* UserRequest.swift */ = {isa = PBXFileReference; fileEncoding = 4; lastKnownFileType = sourcecode.swift; path = UserRequest.swift; sourceTree = "<group>"; };
		464565D21B73BCC500839812 /* PlaylistRequest.swift */ = {isa = PBXFileReference; fileEncoding = 4; lastKnownFileType = sourcecode.swift; path = PlaylistRequest.swift; sourceTree = "<group>"; };
		465308A91AB5C73700766A62 /* Request.swift */ = {isa = PBXFileReference; fileEncoding = 4; lastKnownFileType = sourcecode.swift; path = Request.swift; sourceTree = "<group>"; };
		4655B81C1C88B7E2003B378E /* Activity.swift */ = {isa = PBXFileReference; fileEncoding = 4; lastKnownFileType = sourcecode.swift; path = Activity.swift; sourceTree = "<group>"; };
		4656CE6A1A9CF05600319B94 /* Soundcloud.framework */ = {isa = PBXFileReference; explicitFileType = wrapper.framework; includeInIndex = 0; path = Soundcloud.framework; sourceTree = BUILT_PRODUCTS_DIR; };
		4656CE6E1A9CF05600319B94 /* Info.plist */ = {isa = PBXFileReference; lastKnownFileType = text.plist.xml; path = Info.plist; sourceTree = "<group>"; };
		4656CE751A9CF05600319B94 /* SoundcloudTests.xctest */ = {isa = PBXFileReference; explicitFileType = wrapper.cfbundle; includeInIndex = 0; path = SoundcloudTests.xctest; sourceTree = BUILT_PRODUCTS_DIR; };
		4656CE7B1A9CF05600319B94 /* Info.plist */ = {isa = PBXFileReference; lastKnownFileType = text.plist.xml; path = Info.plist; sourceTree = "<group>"; };
		4656CE7C1A9CF05600319B94 /* SoundcloudTests.swift */ = {isa = PBXFileReference; lastKnownFileType = sourcecode.swift; path = SoundcloudTests.swift; sourceTree = "<group>"; };
		4656CE871A9CF0A800319B94 /* User.swift */ = {isa = PBXFileReference; fileEncoding = 4; lastKnownFileType = sourcecode.swift; path = User.swift; sourceTree = "<group>"; };
		4656CE891A9CF0BE00319B94 /* Track.swift */ = {isa = PBXFileReference; fileEncoding = 4; lastKnownFileType = sourcecode.swift; path = Track.swift; sourceTree = "<group>"; };
		4656CE8B1A9CF0CD00319B94 /* Playlist.swift */ = {isa = PBXFileReference; fileEncoding = 4; lastKnownFileType = sourcecode.swift; path = Playlist.swift; sourceTree = "<group>"; };
		4656CE8D1A9CF0DC00319B94 /* App.swift */ = {isa = PBXFileReference; fileEncoding = 4; lastKnownFileType = sourcecode.swift; path = App.swift; sourceTree = "<group>"; };
		4656CE8F1A9D098300319B94 /* Enums.swift */ = {isa = PBXFileReference; fileEncoding = 4; lastKnownFileType = sourcecode.swift; path = Enums.swift; sourceTree = "<group>"; };
		465877181BD394AA0080F05A /* SearchQuery.swift */ = {isa = PBXFileReference; fileEncoding = 4; lastKnownFileType = sourcecode.swift; path = SearchQuery.swift; sourceTree = "<group>"; };
		465923761B636A8A0090056E /* TrackTests.swift */ = {isa = PBXFileReference; fileEncoding = 4; lastKnownFileType = sourcecode.swift; path = TrackTests.swift; sourceTree = "<group>"; };
		465923781B636AA40090056E /* RequestTests.swift */ = {isa = PBXFileReference; fileEncoding = 4; lastKnownFileType = sourcecode.swift; path = RequestTests.swift; sourceTree = "<group>"; };
		46A2CED31D11CED4005DA1FB /* DataExtension.swift */ = {isa = PBXFileReference; fileEncoding = 4; lastKnownFileType = sourcecode.swift; path = DataExtension.swift; sourceTree = "<group>"; };
		46D1CC341B5A38210043381B /* SoundcloudWebViewController.swift */ = {isa = PBXFileReference; fileEncoding = 4; lastKnownFileType = sourcecode.swift; path = SoundcloudWebViewController.swift; sourceTree = "<group>"; };
		4838B96D3FF543D051B1736A /* Pods-Soundcloud iOS.debug.xcconfig */ = {isa = PBXFileReference; includeInIndex = 1; lastKnownFileType = text.xcconfig; name = "Pods-Soundcloud iOS.debug.xcconfig"; path = "Pods/Target Support Files/Pods-Soundcloud iOS/Pods-Soundcloud iOS.debug.xcconfig"; sourceTree = "<group>"; };
		4E13CF9C49E68F53A217EEE7 /* Pods-SoundcloudTests.release.xcconfig */ = {isa = PBXFileReference; includeInIndex = 1; lastKnownFileType = text.xcconfig; name = "Pods-SoundcloudTests.release.xcconfig"; path = "Pods/Target Support Files/Pods-SoundcloudTests/Pods-SoundcloudTests.release.xcconfig"; sourceTree = "<group>"; };
		5B91365F9D9E51B9D1E7C60E /* Pods-SoundcloudAppTest.release.xcconfig */ = {isa = PBXFileReference; includeInIndex = 1; lastKnownFileType = text.xcconfig; name = "Pods-SoundcloudAppTest.release.xcconfig"; path = "Pods/Target Support Files/Pods-SoundcloudAppTest/Pods-SoundcloudAppTest.release.xcconfig"; sourceTree = "<group>"; };
		770305D1294D351AB3BB971D /* Pods_SoundcloudTests.framework */ = {isa = PBXFileReference; explicitFileType = wrapper.framework; includeInIndex = 0; path = Pods_SoundcloudTests.framework; sourceTree = BUILT_PRODUCTS_DIR; };
		B1BC56E180DB004490215319 /* Pods-Soundcloud OSX.release.xcconfig */ = {isa = PBXFileReference; includeInIndex = 1; lastKnownFileType = text.xcconfig; name = "Pods-Soundcloud OSX.release.xcconfig"; path = "Pods/Target Support Files/Pods-Soundcloud OSX/Pods-Soundcloud OSX.release.xcconfig"; sourceTree = "<group>"; };
		BC5368B65C772E86D828B326 /* Pods_SoundcloudAppTest.framework */ = {isa = PBXFileReference; explicitFileType = wrapper.framework; includeInIndex = 0; path = Pods_SoundcloudAppTest.framework; sourceTree = BUILT_PRODUCTS_DIR; };
		E73A17FC23CAFF5EA5C165ED /* Pods-SoundcloudAppTest.debug.xcconfig */ = {isa = PBXFileReference; includeInIndex = 1; lastKnownFileType = text.xcconfig; name = "Pods-SoundcloudAppTest.debug.xcconfig"; path = "Pods/Target Support Files/Pods-SoundcloudAppTest/Pods-SoundcloudAppTest.debug.xcconfig"; sourceTree = "<group>"; };
		F0305B8F05D0E5CE358B4E62 /* Pods-Soundcloud iOS.release.xcconfig */ = {isa = PBXFileReference; includeInIndex = 1; lastKnownFileType = text.xcconfig; name = "Pods-Soundcloud iOS.release.xcconfig"; path = "Pods/Target Support Files/Pods-Soundcloud iOS/Pods-Soundcloud iOS.release.xcconfig"; sourceTree = "<group>"; };
		F7B30D2BEBAD88DB9815D6B6 /* Pods_Soundcloud_iOS.framework */ = {isa = PBXFileReference; explicitFileType = wrapper.framework; includeInIndex = 0; path = Pods_Soundcloud_iOS.framework; sourceTree = BUILT_PRODUCTS_DIR; };
/* End PBXFileReference section */

/* Begin PBXFrameworksBuildPhase section */
		460388E91C3EDE5C00997DC8 /* Frameworks */ = {
			isa = PBXFrameworksBuildPhase;
			buildActionMask = 2147483647;
			files = (
				BFC58A13CF785262F83AB912 /* Pods_Soundcloud_OSX.framework in Frameworks */,
			);
			runOnlyForDeploymentPostprocessing = 0;
		};
		460EEF841B5A4B1A004444C6 /* Frameworks */ = {
			isa = PBXFrameworksBuildPhase;
			buildActionMask = 2147483647;
			files = (
				46BA61A21B5D4DBA0066ECE4 /* Soundcloud.framework in Frameworks */,
				D30E7CE5BD6AFD1EF2494E77 /* Pods_SoundcloudAppTest.framework in Frameworks */,
			);
			runOnlyForDeploymentPostprocessing = 0;
		};
		46263CA91C3D893F00FA0E03 /* Frameworks */ = {
			isa = PBXFrameworksBuildPhase;
			buildActionMask = 2147483647;
			files = (
			);
			runOnlyForDeploymentPostprocessing = 0;
		};
		4656CE661A9CF05600319B94 /* Frameworks */ = {
			isa = PBXFrameworksBuildPhase;
			buildActionMask = 2147483647;
			files = (
				CB73E31C9FA5EF86A4E2E083 /* Pods_Soundcloud_iOS.framework in Frameworks */,
			);
			runOnlyForDeploymentPostprocessing = 0;
		};
		4656CE721A9CF05600319B94 /* Frameworks */ = {
			isa = PBXFrameworksBuildPhase;
			buildActionMask = 2147483647;
			files = (
				8CD7B04F20ED7C1CC7D62252 /* Pods_SoundcloudTests.framework in Frameworks */,
			);
			runOnlyForDeploymentPostprocessing = 0;
		};
/* End PBXFrameworksBuildPhase section */

/* Begin PBXGroup section */
		460388EE1C3EDE5C00997DC8 /* Soundcloud OSX */ = {
			isa = PBXGroup;
			children = (
				460388EF1C3EDE5C00997DC8 /* Soundcloud OSX.h */,
				460388F11C3EDE5C00997DC8 /* Info.plist */,
			);
			path = "Soundcloud OSX";
			sourceTree = "<group>";
		};
		460EEF881B5A4B1A004444C6 /* SoundcloudAppTest */ = {
			isa = PBXGroup;
			children = (
				462D02DF1DBD3FAA004C1AD0 /* TrackTableViewCell.swift */,
				462D02DD1DBC4E8C004C1AD0 /* TrackListViewController.swift */,
				462D02E11DBD49F2004C1AD0 /* UserTableViewCell.swift */,
				462D02DB1DBC4E71004C1AD0 /* UserListViewController.swift */,
				462D02D91DBC4E31004C1AD0 /* UserViewController.swift */,
				462D02D71DBC45E4004C1AD0 /* SearchViewController.swift */,
				460EEF8B1B5A4B1A004444C6 /* AppDelegate.swift */,
				460EEF8F1B5A4B1A004444C6 /* Main.storyboard */,
				460EEF921B5A4B1A004444C6 /* Images.xcassets */,
				460EEF941B5A4B1A004444C6 /* LaunchScreen.xib */,
				460EEF891B5A4B1A004444C6 /* Supporting Files */,
			);
			path = SoundcloudAppTest;
			sourceTree = "<group>";
		};
		460EEF891B5A4B1A004444C6 /* Supporting Files */ = {
			isa = PBXGroup;
			children = (
				460EEF8A1B5A4B1A004444C6 /* Info.plist */,
			);
			name = "Supporting Files";
			sourceTree = "<group>";
		};
		460F517D1B5981AC00669D8E /* views */ = {
			isa = PBXGroup;
			children = (
				46D1CC341B5A38210043381B /* SoundcloudWebViewController.swift */,
			);
			path = views;
			sourceTree = "<group>";
		};
		46263CAE1C3D894000FA0E03 /* Soundcloud tvOS */ = {
			isa = PBXGroup;
			children = (
				46263CAF1C3D894000FA0E03 /* Soundcloud tvOS.h */,
				46263CB11C3D894000FA0E03 /* Info.plist */,
			);
			path = "Soundcloud tvOS";
			sourceTree = "<group>";
		};
		46263CB51C3D899A00FA0E03 /* Soundcloud iOS */ = {
			isa = PBXGroup;
			children = (
				462679661AED57FC003771C9 /* Soundcloud iOS.h */,
				4656CE6E1A9CF05600319B94 /* Info.plist */,
			);
			path = "Soundcloud iOS";
			sourceTree = "<group>";
		};
		4644B0BB1AEBC56600D3B495 /* extension */ = {
			isa = PBXGroup;
			children = (
				4644B0BC1AEBC58100D3B495 /* DictionaryExtension.swift */,
				4644B0BE1AEBC76E00D3B495 /* URLExtension.swift */,
				461FA2CB1AFBC6DD00F585C8 /* StringExtension.swift */,
				46A2CED31D11CED4005DA1FB /* DataExtension.swift */,
			);
			path = extension;
			sourceTree = "<group>";
		};
		4644B0C61AEC03F000D3B495 /* soundcloud */ = {
			isa = PBXGroup;
			children = (
				2C07140D1DD41B9600993835 /* SouncloudClient.swift */,
				2C0714121DD41BB500993835 /* Soundcloud.swift */,
			);
			path = soundcloud;
			sourceTree = "<group>";
		};
		465308A81AB5C70800766A62 /* request */ = {
			isa = PBXGroup;
			children = (
				465308A91AB5C73700766A62 /* Request.swift */,
				4644B0C01AEBD01900D3B495 /* TrackRequest.swift */,
				4644B0C21AEBD0FA00D3B495 /* UserRequest.swift */,
				464565D21B73BCC500839812 /* PlaylistRequest.swift */,
			);
			path = request;
			sourceTree = "<group>";
		};
		4656CE601A9CF05600319B94 = {
			isa = PBXGroup;
			children = (
				4656CE6C1A9CF05600319B94 /* Soundcloud */,
				46263CB51C3D899A00FA0E03 /* Soundcloud iOS */,
				46263CAE1C3D894000FA0E03 /* Soundcloud tvOS */,
				460388EE1C3EDE5C00997DC8 /* Soundcloud OSX */,
				4656CE791A9CF05600319B94 /* SoundcloudTests */,
				460EEF881B5A4B1A004444C6 /* SoundcloudAppTest */,
				4656CE6B1A9CF05600319B94 /* Products */,
				95B39F142FBA3FDAB5F40C70 /* Pods */,
				9A5A7926C4715BAE62B4BD5B /* Frameworks */,
			);
			sourceTree = "<group>";
		};
		4656CE6B1A9CF05600319B94 /* Products */ = {
			isa = PBXGroup;
			children = (
				4656CE6A1A9CF05600319B94 /* Soundcloud.framework */,
				4656CE751A9CF05600319B94 /* SoundcloudTests.xctest */,
				460EEF871B5A4B1A004444C6 /* SoundcloudAppTest.app */,
				46263CAD1C3D894000FA0E03 /* Soundcloud.framework */,
				460388ED1C3EDE5C00997DC8 /* Soundcloud.framework */,
			);
			name = Products;
			sourceTree = "<group>";
		};
		4656CE6C1A9CF05600319B94 /* Soundcloud */ = {
			isa = PBXGroup;
			children = (
				4644B0C61AEC03F000D3B495 /* soundcloud */,
				4644B0BB1AEBC56600D3B495 /* extension */,
				465308A81AB5C70800766A62 /* request */,
				4656CE861A9CF07E00319B94 /* model */,
				460F517D1B5981AC00669D8E /* views */,
			);
			name = Soundcloud;
			path = SoundcloudSDK;
			sourceTree = "<group>";
		};
		4656CE791A9CF05600319B94 /* SoundcloudTests */ = {
			isa = PBXGroup;
			children = (
				460B334A1B636A0E00B76558 /* UserTests.swift */,
				465923761B636A8A0090056E /* TrackTests.swift */,
				465923781B636AA40090056E /* RequestTests.swift */,
				4656CE7C1A9CF05600319B94 /* SoundcloudTests.swift */,
				4656CE7A1A9CF05600319B94 /* Supporting Files */,
			);
			name = SoundcloudTests;
			path = SoundcloudSDKTests;
			sourceTree = "<group>";
		};
		4656CE7A1A9CF05600319B94 /* Supporting Files */ = {
			isa = PBXGroup;
			children = (
				4656CE7B1A9CF05600319B94 /* Info.plist */,
			);
			name = "Supporting Files";
			sourceTree = "<group>";
		};
		4656CE861A9CF07E00319B94 /* model */ = {
			isa = PBXGroup;
			children = (
				4641ECB11BD7F79900D0D315 /* APIResponse.swift */,
				4637FD891B30A39700286C14 /* Comment.swift */,
				4656CE8F1A9D098300319B94 /* Enums.swift */,
				4656CE8D1A9CF0DC00319B94 /* App.swift */,
				4656CE871A9CF0A800319B94 /* User.swift */,
				4656CE891A9CF0BE00319B94 /* Track.swift */,
				4656CE8B1A9CF0CD00319B94 /* Playlist.swift */,
				4626792D1AED041B003771C9 /* ImageURLs.swift */,
				465877181BD394AA0080F05A /* SearchQuery.swift */,
				4655B81C1C88B7E2003B378E /* Activity.swift */,
			);
			path = model;
			sourceTree = "<group>";
		};
		95B39F142FBA3FDAB5F40C70 /* Pods */ = {
			isa = PBXGroup;
			children = (
				36046970757CE2580A874E20 /* Pods-Soundcloud OSX.debug.xcconfig */,
				B1BC56E180DB004490215319 /* Pods-Soundcloud OSX.release.xcconfig */,
				4838B96D3FF543D051B1736A /* Pods-Soundcloud iOS.debug.xcconfig */,
				F0305B8F05D0E5CE358B4E62 /* Pods-Soundcloud iOS.release.xcconfig */,
				E73A17FC23CAFF5EA5C165ED /* Pods-SoundcloudAppTest.debug.xcconfig */,
				5B91365F9D9E51B9D1E7C60E /* Pods-SoundcloudAppTest.release.xcconfig */,
				40A6BB46199562B92583089E /* Pods-SoundcloudTests.debug.xcconfig */,
				4E13CF9C49E68F53A217EEE7 /* Pods-SoundcloudTests.release.xcconfig */,
			);
			name = Pods;
			sourceTree = "<group>";
		};
		9A5A7926C4715BAE62B4BD5B /* Frameworks */ = {
			isa = PBXGroup;
			children = (
				2750B52054D3F9405C3CC849 /* Pods_Soundcloud_OSX.framework */,
				F7B30D2BEBAD88DB9815D6B6 /* Pods_Soundcloud_iOS.framework */,
				BC5368B65C772E86D828B326 /* Pods_SoundcloudAppTest.framework */,
				770305D1294D351AB3BB971D /* Pods_SoundcloudTests.framework */,
			);
			name = Frameworks;
			sourceTree = "<group>";
		};
/* End PBXGroup section */

/* Begin PBXHeadersBuildPhase section */
		460388EA1C3EDE5C00997DC8 /* Headers */ = {
			isa = PBXHeadersBuildPhase;
			buildActionMask = 2147483647;
			files = (
				460388F01C3EDE5C00997DC8 /* Soundcloud OSX.h in Headers */,
			);
			runOnlyForDeploymentPostprocessing = 0;
		};
		46263CAA1C3D893F00FA0E03 /* Headers */ = {
			isa = PBXHeadersBuildPhase;
			buildActionMask = 2147483647;
			files = (
				46263CB01C3D894000FA0E03 /* Soundcloud tvOS.h in Headers */,
			);
			runOnlyForDeploymentPostprocessing = 0;
		};
		4656CE671A9CF05600319B94 /* Headers */ = {
			isa = PBXHeadersBuildPhase;
			buildActionMask = 2147483647;
			files = (
			);
			runOnlyForDeploymentPostprocessing = 0;
		};
/* End PBXHeadersBuildPhase section */

/* Begin PBXNativeTarget section */
		460388EC1C3EDE5C00997DC8 /* Soundcloud OSX */ = {
			isa = PBXNativeTarget;
			buildConfigurationList = 460388F41C3EDE5C00997DC8 /* Build configuration list for PBXNativeTarget "Soundcloud OSX" */;
			buildPhases = (
				37413032C4AF9A8031A62345 /* [CP] Check Pods Manifest.lock */,
				460388E81C3EDE5C00997DC8 /* Sources */,
				460388E91C3EDE5C00997DC8 /* Frameworks */,
				460388EA1C3EDE5C00997DC8 /* Headers */,
				460388EB1C3EDE5C00997DC8 /* Resources */,
				67F61D1EDE6E3636472CA953 /* [CP] Copy Pods Resources */,
			);
			buildRules = (
			);
			dependencies = (
			);
			name = "Soundcloud OSX";
			productName = "Soundcloud OSX";
			productReference = 460388ED1C3EDE5C00997DC8 /* Soundcloud.framework */;
			productType = "com.apple.product-type.framework";
		};
		460EEF861B5A4B1A004444C6 /* SoundcloudAppTest */ = {
			isa = PBXNativeTarget;
			buildConfigurationList = 460EEFA71B5A4B1A004444C6 /* Build configuration list for PBXNativeTarget "SoundcloudAppTest" */;
			buildPhases = (
				A3688F8835C4E73A1C32F6CB /* [CP] Check Pods Manifest.lock */,
				460EEF831B5A4B1A004444C6 /* Sources */,
				460EEF841B5A4B1A004444C6 /* Frameworks */,
				460EEF851B5A4B1A004444C6 /* Resources */,
				46BA61A41B5D4DBA0066ECE4 /* Embed Frameworks */,
				39572DC6FFFC47D968A5D12B /* [CP] Embed Pods Frameworks */,
				86B8CDF8E8008D9CC482828A /* [CP] Copy Pods Resources */,
			);
			buildRules = (
			);
			dependencies = (
				469AE0741B5A6B90001DABD8 /* PBXTargetDependency */,
			);
			name = SoundcloudAppTest;
			productName = SoundcloudAppTest;
			productReference = 460EEF871B5A4B1A004444C6 /* SoundcloudAppTest.app */;
			productType = "com.apple.product-type.application";
		};
		46263CAC1C3D893F00FA0E03 /* Soundcloud tvOS */ = {
			isa = PBXNativeTarget;
			buildConfigurationList = 46263CB41C3D894000FA0E03 /* Build configuration list for PBXNativeTarget "Soundcloud tvOS" */;
			buildPhases = (
				46263CA81C3D893F00FA0E03 /* Sources */,
				46263CA91C3D893F00FA0E03 /* Frameworks */,
				46263CAA1C3D893F00FA0E03 /* Headers */,
				46263CAB1C3D893F00FA0E03 /* Resources */,
			);
			buildRules = (
			);
			dependencies = (
			);
			name = "Soundcloud tvOS";
			productName = "Soundcloud tvOS";
			productReference = 46263CAD1C3D894000FA0E03 /* Soundcloud.framework */;
			productType = "com.apple.product-type.framework";
		};
		4656CE691A9CF05600319B94 /* Soundcloud iOS */ = {
			isa = PBXNativeTarget;
			buildConfigurationList = 4656CE801A9CF05600319B94 /* Build configuration list for PBXNativeTarget "Soundcloud iOS" */;
			buildPhases = (
				48D6005F57732992866373F3 /* [CP] Check Pods Manifest.lock */,
				4656CE651A9CF05600319B94 /* Sources */,
				4656CE661A9CF05600319B94 /* Frameworks */,
				4656CE671A9CF05600319B94 /* Headers */,
				4656CE681A9CF05600319B94 /* Resources */,
				4AB38303049DD8A1E0A8A4E3 /* [CP] Copy Pods Resources */,
			);
			buildRules = (
			);
			dependencies = (
			);
			name = "Soundcloud iOS";
			productName = SoundcloudSDK;
			productReference = 4656CE6A1A9CF05600319B94 /* Soundcloud.framework */;
			productType = "com.apple.product-type.framework";
		};
		4656CE741A9CF05600319B94 /* SoundcloudTests */ = {
			isa = PBXNativeTarget;
			buildConfigurationList = 4656CE831A9CF05600319B94 /* Build configuration list for PBXNativeTarget "SoundcloudTests" */;
			buildPhases = (
				85F804C787CCD21AE144E6C8 /* [CP] Check Pods Manifest.lock */,
				4656CE711A9CF05600319B94 /* Sources */,
				4656CE721A9CF05600319B94 /* Frameworks */,
				4656CE731A9CF05600319B94 /* Resources */,
				86F55952F120628C8DE6294D /* [CP] Embed Pods Frameworks */,
				537FF96CCB085B58B54186D7 /* [CP] Copy Pods Resources */,
			);
			buildRules = (
			);
			dependencies = (
				4656CE781A9CF05600319B94 /* PBXTargetDependency */,
			);
			name = SoundcloudTests;
			productName = SoundcloudSDKTests;
			productReference = 4656CE751A9CF05600319B94 /* SoundcloudTests.xctest */;
			productType = "com.apple.product-type.bundle.unit-test";
		};
/* End PBXNativeTarget section */

/* Begin PBXProject section */
		4656CE611A9CF05600319B94 /* Project object */ = {
			isa = PBXProject;
			attributes = {
				LastSwiftMigration = 0700;
				LastSwiftUpdateCheck = 0700;
				LastUpgradeCheck = 0800;
				ORGANIZATIONNAME = "Kevin Delannoy";
				TargetAttributes = {
					460388EC1C3EDE5C00997DC8 = {
						CreatedOnToolsVersion = 7.2;
					};
					460EEF861B5A4B1A004444C6 = {
						CreatedOnToolsVersion = 6.4;
					};
					46263CAC1C3D893F00FA0E03 = {
						CreatedOnToolsVersion = 7.2;
					};
					4656CE691A9CF05600319B94 = {
						CreatedOnToolsVersion = 6.1.1;
						LastSwiftMigration = 0800;
					};
					4656CE741A9CF05600319B94 = {
						CreatedOnToolsVersion = 6.1.1;
						DevelopmentTeam = 937TDBQ4TP;
						LastSwiftMigration = 0800;
						ProvisioningStyle = Manual;
					};
				};
			};
			buildConfigurationList = 4656CE641A9CF05600319B94 /* Build configuration list for PBXProject "Soundcloud" */;
			compatibilityVersion = "Xcode 3.2";
			developmentRegion = English;
			hasScannedForEncodings = 0;
			knownRegions = (
				en,
				Base,
			);
			mainGroup = 4656CE601A9CF05600319B94;
			productRefGroup = 4656CE6B1A9CF05600319B94 /* Products */;
			projectDirPath = "";
			projectRoot = "";
			targets = (
				4656CE691A9CF05600319B94 /* Soundcloud iOS */,
				46263CAC1C3D893F00FA0E03 /* Soundcloud tvOS */,
				460388EC1C3EDE5C00997DC8 /* Soundcloud OSX */,
				4656CE741A9CF05600319B94 /* SoundcloudTests */,
				460EEF861B5A4B1A004444C6 /* SoundcloudAppTest */,
			);
		};
/* End PBXProject section */

/* Begin PBXResourcesBuildPhase section */
		460388EB1C3EDE5C00997DC8 /* Resources */ = {
			isa = PBXResourcesBuildPhase;
			buildActionMask = 2147483647;
			files = (
			);
			runOnlyForDeploymentPostprocessing = 0;
		};
		460EEF851B5A4B1A004444C6 /* Resources */ = {
			isa = PBXResourcesBuildPhase;
			buildActionMask = 2147483647;
			files = (
				460EEF911B5A4B1A004444C6 /* Main.storyboard in Resources */,
				460EEF961B5A4B1A004444C6 /* LaunchScreen.xib in Resources */,
				460EEF931B5A4B1A004444C6 /* Images.xcassets in Resources */,
			);
			runOnlyForDeploymentPostprocessing = 0;
		};
		46263CAB1C3D893F00FA0E03 /* Resources */ = {
			isa = PBXResourcesBuildPhase;
			buildActionMask = 2147483647;
			files = (
			);
			runOnlyForDeploymentPostprocessing = 0;
		};
		4656CE681A9CF05600319B94 /* Resources */ = {
			isa = PBXResourcesBuildPhase;
			buildActionMask = 2147483647;
			files = (
			);
			runOnlyForDeploymentPostprocessing = 0;
		};
		4656CE731A9CF05600319B94 /* Resources */ = {
			isa = PBXResourcesBuildPhase;
			buildActionMask = 2147483647;
			files = (
			);
			runOnlyForDeploymentPostprocessing = 0;
		};
/* End PBXResourcesBuildPhase section */

/* Begin PBXShellScriptBuildPhase section */
		37413032C4AF9A8031A62345 /* [CP] Check Pods Manifest.lock */ = {
			isa = PBXShellScriptBuildPhase;
			buildActionMask = 2147483647;
			files = (
			);
			inputPaths = (
			);
			name = "[CP] Check Pods Manifest.lock";
			outputPaths = (
			);
			runOnlyForDeploymentPostprocessing = 0;
			shellPath = /bin/sh;
			shellScript = "diff \"${PODS_ROOT}/../Podfile.lock\" \"${PODS_ROOT}/Manifest.lock\" > /dev/null\nif [ $? != 0 ] ; then\n    # print error to STDERR\n    echo \"error: The sandbox is not in sync with the Podfile.lock. Run 'pod install' or update your CocoaPods installation.\" >&2\n    exit 1\nfi\n";
			showEnvVarsInLog = 0;
		};
		39572DC6FFFC47D968A5D12B /* [CP] Embed Pods Frameworks */ = {
			isa = PBXShellScriptBuildPhase;
			buildActionMask = 2147483647;
			files = (
			);
			inputPaths = (
			);
			name = "[CP] Embed Pods Frameworks";
			outputPaths = (
			);
			runOnlyForDeploymentPostprocessing = 0;
			shellPath = /bin/sh;
			shellScript = "\"${SRCROOT}/Pods/Target Support Files/Pods-SoundcloudAppTest/Pods-SoundcloudAppTest-frameworks.sh\"\n";
			showEnvVarsInLog = 0;
		};
		48D6005F57732992866373F3 /* [CP] Check Pods Manifest.lock */ = {
			isa = PBXShellScriptBuildPhase;
			buildActionMask = 2147483647;
			files = (
			);
			inputPaths = (
			);
			name = "[CP] Check Pods Manifest.lock";
			outputPaths = (
			);
			runOnlyForDeploymentPostprocessing = 0;
			shellPath = /bin/sh;
			shellScript = "diff \"${PODS_ROOT}/../Podfile.lock\" \"${PODS_ROOT}/Manifest.lock\" > /dev/null\nif [ $? != 0 ] ; then\n    # print error to STDERR\n    echo \"error: The sandbox is not in sync with the Podfile.lock. Run 'pod install' or update your CocoaPods installation.\" >&2\n    exit 1\nfi\n";
			showEnvVarsInLog = 0;
		};
		4AB38303049DD8A1E0A8A4E3 /* [CP] Copy Pods Resources */ = {
			isa = PBXShellScriptBuildPhase;
			buildActionMask = 2147483647;
			files = (
			);
			inputPaths = (
			);
			name = "[CP] Copy Pods Resources";
			outputPaths = (
			);
			runOnlyForDeploymentPostprocessing = 0;
			shellPath = /bin/sh;
			shellScript = "\"${SRCROOT}/Pods/Target Support Files/Pods-Soundcloud iOS/Pods-Soundcloud iOS-resources.sh\"\n";
			showEnvVarsInLog = 0;
		};
		537FF96CCB085B58B54186D7 /* [CP] Copy Pods Resources */ = {
			isa = PBXShellScriptBuildPhase;
			buildActionMask = 2147483647;
			files = (
			);
			inputPaths = (
			);
			name = "[CP] Copy Pods Resources";
			outputPaths = (
			);
			runOnlyForDeploymentPostprocessing = 0;
			shellPath = /bin/sh;
			shellScript = "\"${SRCROOT}/Pods/Target Support Files/Pods-SoundcloudTests/Pods-SoundcloudTests-resources.sh\"\n";
			showEnvVarsInLog = 0;
		};
		67F61D1EDE6E3636472CA953 /* [CP] Copy Pods Resources */ = {
			isa = PBXShellScriptBuildPhase;
			buildActionMask = 2147483647;
			files = (
			);
			inputPaths = (
			);
			name = "[CP] Copy Pods Resources";
			outputPaths = (
			);
			runOnlyForDeploymentPostprocessing = 0;
			shellPath = /bin/sh;
			shellScript = "\"${SRCROOT}/Pods/Target Support Files/Pods-Soundcloud OSX/Pods-Soundcloud OSX-resources.sh\"\n";
			showEnvVarsInLog = 0;
		};
		85F804C787CCD21AE144E6C8 /* [CP] Check Pods Manifest.lock */ = {
			isa = PBXShellScriptBuildPhase;
			buildActionMask = 2147483647;
			files = (
			);
			inputPaths = (
			);
			name = "[CP] Check Pods Manifest.lock";
			outputPaths = (
			);
			runOnlyForDeploymentPostprocessing = 0;
			shellPath = /bin/sh;
			shellScript = "diff \"${PODS_ROOT}/../Podfile.lock\" \"${PODS_ROOT}/Manifest.lock\" > /dev/null\nif [ $? != 0 ] ; then\n    # print error to STDERR\n    echo \"error: The sandbox is not in sync with the Podfile.lock. Run 'pod install' or update your CocoaPods installation.\" >&2\n    exit 1\nfi\n";
			showEnvVarsInLog = 0;
		};
		86B8CDF8E8008D9CC482828A /* [CP] Copy Pods Resources */ = {
			isa = PBXShellScriptBuildPhase;
			buildActionMask = 2147483647;
			files = (
			);
			inputPaths = (
			);
			name = "[CP] Copy Pods Resources";
			outputPaths = (
			);
			runOnlyForDeploymentPostprocessing = 0;
			shellPath = /bin/sh;
			shellScript = "\"${SRCROOT}/Pods/Target Support Files/Pods-SoundcloudAppTest/Pods-SoundcloudAppTest-resources.sh\"\n";
			showEnvVarsInLog = 0;
		};
		86F55952F120628C8DE6294D /* [CP] Embed Pods Frameworks */ = {
			isa = PBXShellScriptBuildPhase;
			buildActionMask = 2147483647;
			files = (
			);
			inputPaths = (
			);
			name = "[CP] Embed Pods Frameworks";
			outputPaths = (
			);
			runOnlyForDeploymentPostprocessing = 0;
			shellPath = /bin/sh;
			shellScript = "\"${SRCROOT}/Pods/Target Support Files/Pods-SoundcloudTests/Pods-SoundcloudTests-frameworks.sh\"\n";
			showEnvVarsInLog = 0;
		};
		A3688F8835C4E73A1C32F6CB /* [CP] Check Pods Manifest.lock */ = {
			isa = PBXShellScriptBuildPhase;
			buildActionMask = 2147483647;
			files = (
			);
			inputPaths = (
			);
			name = "[CP] Check Pods Manifest.lock";
			outputPaths = (
			);
			runOnlyForDeploymentPostprocessing = 0;
			shellPath = /bin/sh;
			shellScript = "diff \"${PODS_ROOT}/../Podfile.lock\" \"${PODS_ROOT}/Manifest.lock\" > /dev/null\nif [ $? != 0 ] ; then\n    # print error to STDERR\n    echo \"error: The sandbox is not in sync with the Podfile.lock. Run 'pod install' or update your CocoaPods installation.\" >&2\n    exit 1\nfi\n";
			showEnvVarsInLog = 0;
		};
/* End PBXShellScriptBuildPhase section */

/* Begin PBXSourcesBuildPhase section */
		460388E81C3EDE5C00997DC8 /* Sources */ = {
			isa = PBXSourcesBuildPhase;
			buildActionMask = 2147483647;
			files = (
				2C0714151DD41BB500993835 /* Soundcloud.swift in Sources */,
				460389011C3EDE8000997DC8 /* User.swift in Sources */,
				460388F81C3EDE8000997DC8 /* StringExtension.swift in Sources */,
				460389041C3EDE8000997DC8 /* ImageURLs.swift in Sources */,
				460388F91C3EDE8000997DC8 /* Request.swift in Sources */,
				460389051C3EDE8000997DC8 /* SearchQuery.swift in Sources */,
				460388FC1C3EDE8000997DC8 /* PlaylistRequest.swift in Sources */,
				4639E1DC1DA9ABBA00DE407E /* SoundcloudWebViewController.swift in Sources */,
				460388F71C3EDE8000997DC8 /* URLExtension.swift in Sources */,
				4655B81F1C88B7E2003B378E /* Activity.swift in Sources */,
				460388FE1C3EDE8000997DC8 /* Comment.swift in Sources */,
				460388F61C3EDE8000997DC8 /* DictionaryExtension.swift in Sources */,
				460388FA1C3EDE8000997DC8 /* TrackRequest.swift in Sources */,
				460388FB1C3EDE8000997DC8 /* UserRequest.swift in Sources */,
				460389001C3EDE8000997DC8 /* App.swift in Sources */,
				460388FD1C3EDE8000997DC8 /* APIResponse.swift in Sources */,
				46A2CED61D11D8D3005DA1FB /* DataExtension.swift in Sources */,
				460388FF1C3EDE8000997DC8 /* Enums.swift in Sources */,
				460389021C3EDE8000997DC8 /* Track.swift in Sources */,
				460389031C3EDE8000997DC8 /* Playlist.swift in Sources */,
				2C0714101DD41B9600993835 /* SouncloudClient.swift in Sources */,
			);
			runOnlyForDeploymentPostprocessing = 0;
		};
		460EEF831B5A4B1A004444C6 /* Sources */ = {
			isa = PBXSourcesBuildPhase;
			buildActionMask = 2147483647;
			files = (
				462D02D81DBC45E4004C1AD0 /* SearchViewController.swift in Sources */,
				462D02E01DBD3FAA004C1AD0 /* TrackTableViewCell.swift in Sources */,
				462D02E21DBD49F2004C1AD0 /* UserTableViewCell.swift in Sources */,
				462D02DC1DBC4E71004C1AD0 /* UserListViewController.swift in Sources */,
				462D02DA1DBC4E31004C1AD0 /* UserViewController.swift in Sources */,
				462D02DE1DBC4E8C004C1AD0 /* TrackListViewController.swift in Sources */,
				460EEF8C1B5A4B1A004444C6 /* AppDelegate.swift in Sources */,
			);
			runOnlyForDeploymentPostprocessing = 0;
		};
		46263CA81C3D893F00FA0E03 /* Sources */ = {
			isa = PBXSourcesBuildPhase;
			buildActionMask = 2147483647;
			files = (
				460388D01C3D901000997DC8 /* User.swift in Sources */,
				460388C71C3D901000997DC8 /* StringExtension.swift in Sources */,
				460388D31C3D901000997DC8 /* ImageURLs.swift in Sources */,
				460388C81C3D901000997DC8 /* Request.swift in Sources */,
				46A2CED51D11D8D3005DA1FB /* DataExtension.swift in Sources */,
				460388D41C3D901000997DC8 /* SearchQuery.swift in Sources */,
				4655B81E1C88B7E2003B378E /* Activity.swift in Sources */,
				460388CB1C3D901000997DC8 /* PlaylistRequest.swift in Sources */,
				460388C61C3D901000997DC8 /* URLExtension.swift in Sources */,
				460388CD1C3D901000997DC8 /* Comment.swift in Sources */,
				460388C51C3D901000997DC8 /* DictionaryExtension.swift in Sources */,
				460388C91C3D901000997DC8 /* TrackRequest.swift in Sources */,
				460388CA1C3D901000997DC8 /* UserRequest.swift in Sources */,
				460388CF1C3D901000997DC8 /* App.swift in Sources */,
				460388CC1C3D901000997DC8 /* APIResponse.swift in Sources */,
				460388CE1C3D901000997DC8 /* Enums.swift in Sources */,
				460388D11C3D901000997DC8 /* Track.swift in Sources */,
				2C07140F1DD41B9600993835 /* SouncloudClient.swift in Sources */,
				460388D21C3D901000997DC8 /* Playlist.swift in Sources */,
				2C0714141DD41BB500993835 /* Soundcloud.swift in Sources */,
			);
			runOnlyForDeploymentPostprocessing = 0;
		};
		4656CE651A9CF05600319B94 /* Sources */ = {
			isa = PBXSourcesBuildPhase;
			buildActionMask = 2147483647;
			files = (
				2C0714131DD41BB500993835 /* Soundcloud.swift in Sources */,
				4644B0BF1AEBC76E00D3B495 /* URLExtension.swift in Sources */,
				4656CE881A9CF0A800319B94 /* User.swift in Sources */,
				465308AA1AB5C73700766A62 /* Request.swift in Sources */,
				4641ECB21BD7F79900D0D315 /* APIResponse.swift in Sources */,
				4656CE8E1A9CF0DC00319B94 /* App.swift in Sources */,
				465877191BD394AA0080F05A /* SearchQuery.swift in Sources */,
				4656CE8A1A9CF0BE00319B94 /* Track.swift in Sources */,
				4656CE901A9D098300319B94 /* Enums.swift in Sources */,
				4655B81D1C88B7E2003B378E /* Activity.swift in Sources */,
				4644B0BD1AEBC58100D3B495 /* DictionaryExtension.swift in Sources */,
				461FA2CC1AFBC6DD00F585C8 /* StringExtension.swift in Sources */,
				4626792E1AED041B003771C9 /* ImageURLs.swift in Sources */,
				4637FD8A1B30A39700286C14 /* Comment.swift in Sources */,
				46D1CC351B5A38210043381B /* SoundcloudWebViewController.swift in Sources */,
				4656CE8C1A9CF0CD00319B94 /* Playlist.swift in Sources */,
				46A2CED41D11CED4005DA1FB /* DataExtension.swift in Sources */,
				464565D31B73BCC500839812 /* PlaylistRequest.swift in Sources */,
				4644B0C31AEBD0FA00D3B495 /* UserRequest.swift in Sources */,
				4644B0C11AEBD01900D3B495 /* TrackRequest.swift in Sources */,
				2C07140E1DD41B9600993835 /* SouncloudClient.swift in Sources */,
			);
			runOnlyForDeploymentPostprocessing = 0;
		};
		4656CE711A9CF05600319B94 /* Sources */ = {
			isa = PBXSourcesBuildPhase;
			buildActionMask = 2147483647;
			files = (
				4656CE7D1A9CF05600319B94 /* SoundcloudTests.swift in Sources */,
				465923791B636AA40090056E /* RequestTests.swift in Sources */,
				460388DC1C3D903C00997DC8 /* UserRequest.swift in Sources */,
				2C0714111DD41B9600993835 /* SouncloudClient.swift in Sources */,
				460388DF1C3D903C00997DC8 /* Comment.swift in Sources */,
				460388E41C3D903C00997DC8 /* Playlist.swift in Sources */,
				460388E61C3D903C00997DC8 /* SearchQuery.swift in Sources */,
				460B334C1B636A0E00B76558 /* UserTests.swift in Sources */,
				460388E31C3D903C00997DC8 /* Track.swift in Sources */,
				46A2CED71D11D8D7005DA1FB /* DataExtension.swift in Sources */,
				460388E51C3D903C00997DC8 /* ImageURLs.swift in Sources */,
				460388E11C3D903C00997DC8 /* App.swift in Sources */,
				460388D71C3D903C00997DC8 /* DictionaryExtension.swift in Sources */,
				460388E21C3D903C00997DC8 /* User.swift in Sources */,
				460388D91C3D903C00997DC8 /* StringExtension.swift in Sources */,
				460388E01C3D903C00997DC8 /* Enums.swift in Sources */,
				460388DB1C3D903C00997DC8 /* TrackRequest.swift in Sources */,
				460388DE1C3D903C00997DC8 /* APIResponse.swift in Sources */,
				460388DD1C3D903C00997DC8 /* PlaylistRequest.swift in Sources */,
				465923771B636A8A0090056E /* TrackTests.swift in Sources */,
				4639E1DD1DA9ABBB00DE407E /* SoundcloudWebViewController.swift in Sources */,
				460388DA1C3D903C00997DC8 /* Request.swift in Sources */,
				460388D81C3D903C00997DC8 /* URLExtension.swift in Sources */,
				4655B8201C88BA14003B378E /* Activity.swift in Sources */,
				2C0714161DD41BB500993835 /* Soundcloud.swift in Sources */,
			);
			runOnlyForDeploymentPostprocessing = 0;
		};
/* End PBXSourcesBuildPhase section */

/* Begin PBXTargetDependency section */
		4656CE781A9CF05600319B94 /* PBXTargetDependency */ = {
			isa = PBXTargetDependency;
			target = 4656CE691A9CF05600319B94 /* Soundcloud iOS */;
			targetProxy = 4656CE771A9CF05600319B94 /* PBXContainerItemProxy */;
		};
		469AE0741B5A6B90001DABD8 /* PBXTargetDependency */ = {
			isa = PBXTargetDependency;
			target = 4656CE691A9CF05600319B94 /* Soundcloud iOS */;
			targetProxy = 469AE0731B5A6B90001DABD8 /* PBXContainerItemProxy */;
		};
/* End PBXTargetDependency section */

/* Begin PBXVariantGroup section */
		460EEF8F1B5A4B1A004444C6 /* Main.storyboard */ = {
			isa = PBXVariantGroup;
			children = (
				460EEF901B5A4B1A004444C6 /* Base */,
			);
			name = Main.storyboard;
			sourceTree = "<group>";
		};
		460EEF941B5A4B1A004444C6 /* LaunchScreen.xib */ = {
			isa = PBXVariantGroup;
			children = (
				460EEF951B5A4B1A004444C6 /* Base */,
			);
			name = LaunchScreen.xib;
			sourceTree = "<group>";
		};
/* End PBXVariantGroup section */

/* Begin XCBuildConfiguration section */
		460388F21C3EDE5C00997DC8 /* Debug */ = {
			isa = XCBuildConfiguration;
			baseConfigurationReference = 36046970757CE2580A874E20 /* Pods-Soundcloud OSX.debug.xcconfig */;
			buildSettings = {
				CODE_SIGN_IDENTITY = "";
				COMBINE_HIDPI_IMAGES = YES;
				DEBUG_INFORMATION_FORMAT = dwarf;
				DEFINES_MODULE = YES;
				DYLIB_COMPATIBILITY_VERSION = 1;
				DYLIB_CURRENT_VERSION = 1;
				DYLIB_INSTALL_NAME_BASE = "@rpath";
				FRAMEWORK_VERSION = A;
				GCC_NO_COMMON_BLOCKS = YES;
				INFOPLIST_FILE = "Soundcloud OSX/Info.plist";
				INSTALL_PATH = "$(LOCAL_LIBRARY_DIR)/Frameworks";
				LD_RUNPATH_SEARCH_PATHS = "$(inherited) @executable_path/../Frameworks @loader_path/Frameworks";
				MACOSX_DEPLOYMENT_TARGET = 10.10;
				PRODUCT_BUNDLE_IDENTIFIER = "be.delannoyk.$(PRODUCT_NAME:rfc1034identifier)";
				PRODUCT_NAME = Soundcloud;
				SDKROOT = macosx;
				SKIP_INSTALL = YES;
				SWIFT_VERSION = 3.0;
			};
			name = Debug;
		};
		460388F31C3EDE5C00997DC8 /* Release */ = {
			isa = XCBuildConfiguration;
			baseConfigurationReference = B1BC56E180DB004490215319 /* Pods-Soundcloud OSX.release.xcconfig */;
			buildSettings = {
				CODE_SIGN_IDENTITY = "";
				COMBINE_HIDPI_IMAGES = YES;
				COPY_PHASE_STRIP = NO;
				DEBUG_INFORMATION_FORMAT = "dwarf-with-dsym";
				DEFINES_MODULE = YES;
				DYLIB_COMPATIBILITY_VERSION = 1;
				DYLIB_CURRENT_VERSION = 1;
				DYLIB_INSTALL_NAME_BASE = "@rpath";
				FRAMEWORK_VERSION = A;
				GCC_NO_COMMON_BLOCKS = YES;
				INFOPLIST_FILE = "Soundcloud OSX/Info.plist";
				INSTALL_PATH = "$(LOCAL_LIBRARY_DIR)/Frameworks";
				LD_RUNPATH_SEARCH_PATHS = "$(inherited) @executable_path/../Frameworks @loader_path/Frameworks";
				MACOSX_DEPLOYMENT_TARGET = 10.10;
				PRODUCT_BUNDLE_IDENTIFIER = "be.delannoyk.$(PRODUCT_NAME:rfc1034identifier)";
				PRODUCT_NAME = Soundcloud;
				SDKROOT = macosx;
				SKIP_INSTALL = YES;
				SWIFT_VERSION = 3.0;
			};
			name = Release;
		};
		460EEFA31B5A4B1A004444C6 /* Debug */ = {
			isa = XCBuildConfiguration;
			baseConfigurationReference = E73A17FC23CAFF5EA5C165ED /* Pods-SoundcloudAppTest.debug.xcconfig */;
			buildSettings = {
				ALWAYS_EMBED_SWIFT_STANDARD_LIBRARIES = YES;
				ASSETCATALOG_COMPILER_APPICON_NAME = AppIcon;
				CODE_SIGN_IDENTITY = "iPhone Developer";
				DEBUG_INFORMATION_FORMAT = "dwarf-with-dsym";
				FRAMEWORK_SEARCH_PATHS = "$(inherited)";
				GCC_NO_COMMON_BLOCKS = YES;
				GCC_PREPROCESSOR_DEFINITIONS = (
					"DEBUG=1",
					"$(inherited)",
				);
				INFOPLIST_FILE = SoundcloudAppTest/Info.plist;
				IPHONEOS_DEPLOYMENT_TARGET = 9.0;
				LD_DYLIB_INSTALL_NAME = "";
				LD_RUNPATH_SEARCH_PATHS = "$(inherited) @executable_path/Frameworks";
				PRODUCT_BUNDLE_IDENTIFIER = "be.delannoyk.$(PRODUCT_NAME:rfc1034identifier)";
				PRODUCT_NAME = "$(TARGET_NAME)";
				PROVISIONING_PROFILE = "";
				SWIFT_VERSION = 3.0;
			};
			name = Debug;
		};
		460EEFA41B5A4B1A004444C6 /* Release */ = {
			isa = XCBuildConfiguration;
			baseConfigurationReference = 5B91365F9D9E51B9D1E7C60E /* Pods-SoundcloudAppTest.release.xcconfig */;
			buildSettings = {
				ALWAYS_EMBED_SWIFT_STANDARD_LIBRARIES = YES;
				ASSETCATALOG_COMPILER_APPICON_NAME = AppIcon;
				CODE_SIGN_IDENTITY = "iPhone Distribution";
				COPY_PHASE_STRIP = NO;
				DEBUG_INFORMATION_FORMAT = "dwarf-with-dsym";
				FRAMEWORK_SEARCH_PATHS = "$(inherited)";
				GCC_NO_COMMON_BLOCKS = YES;
				INFOPLIST_FILE = SoundcloudAppTest/Info.plist;
				IPHONEOS_DEPLOYMENT_TARGET = 9.0;
				LD_DYLIB_INSTALL_NAME = "";
				LD_RUNPATH_SEARCH_PATHS = "$(inherited) @executable_path/Frameworks";
				PRODUCT_BUNDLE_IDENTIFIER = "be.delannoyk.$(PRODUCT_NAME:rfc1034identifier)";
				PRODUCT_NAME = "$(TARGET_NAME)";
				SWIFT_VERSION = 3.0;
			};
			name = Release;
		};
		46263CB21C3D894000FA0E03 /* Debug */ = {
			isa = XCBuildConfiguration;
			buildSettings = {
				"CODE_SIGN_IDENTITY[sdk=appletvos*]" = "";
				DEBUG_INFORMATION_FORMAT = dwarf;
				DEFINES_MODULE = YES;
				DYLIB_COMPATIBILITY_VERSION = 1;
				DYLIB_CURRENT_VERSION = 1;
				DYLIB_INSTALL_NAME_BASE = "@rpath";
				GCC_NO_COMMON_BLOCKS = YES;
				INFOPLIST_FILE = "Soundcloud tvOS/Info.plist";
				INSTALL_PATH = "$(LOCAL_LIBRARY_DIR)/Frameworks";
				LD_RUNPATH_SEARCH_PATHS = "$(inherited) @executable_path/Frameworks @loader_path/Frameworks";
				PRODUCT_BUNDLE_IDENTIFIER = "be.delannoyk.$(PRODUCT_NAME:rfc1034identifier)";
				PRODUCT_NAME = Soundcloud;
				SDKROOT = appletvos;
				SKIP_INSTALL = YES;
				SWIFT_VERSION = 3.0;
				TARGETED_DEVICE_FAMILY = 3;
				TVOS_DEPLOYMENT_TARGET = 9.0;
			};
			name = Debug;
		};
		46263CB31C3D894000FA0E03 /* Release */ = {
			isa = XCBuildConfiguration;
			buildSettings = {
				"CODE_SIGN_IDENTITY[sdk=appletvos*]" = "";
				COPY_PHASE_STRIP = NO;
				DEBUG_INFORMATION_FORMAT = "dwarf-with-dsym";
				DEFINES_MODULE = YES;
				DYLIB_COMPATIBILITY_VERSION = 1;
				DYLIB_CURRENT_VERSION = 1;
				DYLIB_INSTALL_NAME_BASE = "@rpath";
				GCC_NO_COMMON_BLOCKS = YES;
				INFOPLIST_FILE = "Soundcloud tvOS/Info.plist";
				INSTALL_PATH = "$(LOCAL_LIBRARY_DIR)/Frameworks";
				LD_RUNPATH_SEARCH_PATHS = "$(inherited) @executable_path/Frameworks @loader_path/Frameworks";
				PRODUCT_BUNDLE_IDENTIFIER = "be.delannoyk.$(PRODUCT_NAME:rfc1034identifier)";
				PRODUCT_NAME = Soundcloud;
				SDKROOT = appletvos;
				SKIP_INSTALL = YES;
				SWIFT_VERSION = 3.0;
				TARGETED_DEVICE_FAMILY = 3;
				TVOS_DEPLOYMENT_TARGET = 9.0;
			};
			name = Release;
		};
		4656CE7E1A9CF05600319B94 /* Debug */ = {
			isa = XCBuildConfiguration;
			buildSettings = {
				ALWAYS_SEARCH_USER_PATHS = NO;
				CLANG_CXX_LANGUAGE_STANDARD = "gnu++0x";
				CLANG_CXX_LIBRARY = "libc++";
				CLANG_ENABLE_MODULES = YES;
				CLANG_ENABLE_OBJC_ARC = YES;
				CLANG_WARN_BOOL_CONVERSION = YES;
				CLANG_WARN_CONSTANT_CONVERSION = YES;
				CLANG_WARN_DIRECT_OBJC_ISA_USAGE = YES_ERROR;
				CLANG_WARN_EMPTY_BODY = YES;
				CLANG_WARN_ENUM_CONVERSION = YES;
				CLANG_WARN_INFINITE_RECURSION = YES;
				CLANG_WARN_INT_CONVERSION = YES;
				CLANG_WARN_OBJC_ROOT_CLASS = YES_ERROR;
				CLANG_WARN_SUSPICIOUS_MOVE = YES;
				CLANG_WARN_UNREACHABLE_CODE = YES;
				CLANG_WARN__DUPLICATE_METHOD_MATCH = YES;
				"CODE_SIGN_IDENTITY[sdk=iphoneos*]" = "iPhone Developer";
				COPY_PHASE_STRIP = NO;
				CURRENT_PROJECT_VERSION = 1;
				ENABLE_STRICT_OBJC_MSGSEND = YES;
				ENABLE_TESTABILITY = YES;
				GCC_C_LANGUAGE_STANDARD = gnu99;
				GCC_DYNAMIC_NO_PIC = NO;
				GCC_NO_COMMON_BLOCKS = YES;
				GCC_OPTIMIZATION_LEVEL = 0;
				GCC_PREPROCESSOR_DEFINITIONS = (
					"DEBUG=1",
					"$(inherited)",
				);
				GCC_SYMBOLS_PRIVATE_EXTERN = NO;
				GCC_WARN_64_TO_32_BIT_CONVERSION = YES;
				GCC_WARN_ABOUT_RETURN_TYPE = YES_ERROR;
				GCC_WARN_UNDECLARED_SELECTOR = YES;
				GCC_WARN_UNINITIALIZED_AUTOS = YES_AGGRESSIVE;
				GCC_WARN_UNUSED_FUNCTION = YES;
				GCC_WARN_UNUSED_VARIABLE = YES;
				IPHONEOS_DEPLOYMENT_TARGET = 8.0;
				MTL_ENABLE_DEBUG_INFO = YES;
				ONLY_ACTIVE_ARCH = YES;
				SDKROOT = iphoneos;
				SWIFT_OPTIMIZATION_LEVEL = "-Onone";
				TARGETED_DEVICE_FAMILY = "1,2";
				VERSIONING_SYSTEM = "apple-generic";
				VERSION_INFO_PREFIX = "";
			};
			name = Debug;
		};
		4656CE7F1A9CF05600319B94 /* Release */ = {
			isa = XCBuildConfiguration;
			buildSettings = {
				ALWAYS_SEARCH_USER_PATHS = NO;
				CLANG_CXX_LANGUAGE_STANDARD = "gnu++0x";
				CLANG_CXX_LIBRARY = "libc++";
				CLANG_ENABLE_MODULES = YES;
				CLANG_ENABLE_OBJC_ARC = YES;
				CLANG_WARN_BOOL_CONVERSION = YES;
				CLANG_WARN_CONSTANT_CONVERSION = YES;
				CLANG_WARN_DIRECT_OBJC_ISA_USAGE = YES_ERROR;
				CLANG_WARN_EMPTY_BODY = YES;
				CLANG_WARN_ENUM_CONVERSION = YES;
				CLANG_WARN_INFINITE_RECURSION = YES;
				CLANG_WARN_INT_CONVERSION = YES;
				CLANG_WARN_OBJC_ROOT_CLASS = YES_ERROR;
				CLANG_WARN_SUSPICIOUS_MOVE = YES;
				CLANG_WARN_UNREACHABLE_CODE = YES;
				CLANG_WARN__DUPLICATE_METHOD_MATCH = YES;
				"CODE_SIGN_IDENTITY[sdk=iphoneos*]" = "iPhone Developer";
				COPY_PHASE_STRIP = YES;
				CURRENT_PROJECT_VERSION = 1;
				ENABLE_NS_ASSERTIONS = NO;
				ENABLE_STRICT_OBJC_MSGSEND = YES;
				GCC_C_LANGUAGE_STANDARD = gnu99;
				GCC_NO_COMMON_BLOCKS = YES;
				GCC_WARN_64_TO_32_BIT_CONVERSION = YES;
				GCC_WARN_ABOUT_RETURN_TYPE = YES_ERROR;
				GCC_WARN_UNDECLARED_SELECTOR = YES;
				GCC_WARN_UNINITIALIZED_AUTOS = YES_AGGRESSIVE;
				GCC_WARN_UNUSED_FUNCTION = YES;
				GCC_WARN_UNUSED_VARIABLE = YES;
				IPHONEOS_DEPLOYMENT_TARGET = 8.0;
				MTL_ENABLE_DEBUG_INFO = NO;
				SDKROOT = iphoneos;
				SWIFT_OPTIMIZATION_LEVEL = "-Owholemodule";
				TARGETED_DEVICE_FAMILY = "1,2";
				VALIDATE_PRODUCT = YES;
				VERSIONING_SYSTEM = "apple-generic";
				VERSION_INFO_PREFIX = "";
			};
			name = Release;
		};
		4656CE811A9CF05600319B94 /* Debug */ = {
			isa = XCBuildConfiguration;
			baseConfigurationReference = 4838B96D3FF543D051B1736A /* Pods-Soundcloud iOS.debug.xcconfig */;
			buildSettings = {
				CLANG_ENABLE_MODULES = YES;
				"CODE_SIGN_IDENTITY[sdk=iphoneos*]" = "";
				DEFINES_MODULE = YES;
				DYLIB_COMPATIBILITY_VERSION = 1;
				DYLIB_CURRENT_VERSION = 1;
				DYLIB_INSTALL_NAME_BASE = "@rpath";
				FRAMEWORK_SEARCH_PATHS = "$(inherited)";
				INFOPLIST_FILE = "$(SRCROOT)/Soundcloud iOS/Info.plist";
				INSTALL_PATH = "$(LOCAL_LIBRARY_DIR)/Frameworks";
				LD_RUNPATH_SEARCH_PATHS = "$(inherited) @executable_path/Frameworks @loader_path/Frameworks";
				OTHER_SWIFT_FLAGS = "-Xfrontend -debug-time-function-bodies";
				PRODUCT_BUNDLE_IDENTIFIER = "be.delannoyk.$(PRODUCT_NAME:rfc1034identifier)";
				PRODUCT_NAME = Soundcloud;
				SKIP_INSTALL = YES;
				SWIFT_OPTIMIZATION_LEVEL = "-Onone";
				SWIFT_VERSION = 3.0;
			};
			name = Debug;
		};
		4656CE821A9CF05600319B94 /* Release */ = {
			isa = XCBuildConfiguration;
			baseConfigurationReference = F0305B8F05D0E5CE358B4E62 /* Pods-Soundcloud iOS.release.xcconfig */;
			buildSettings = {
				CLANG_ENABLE_MODULES = YES;
				"CODE_SIGN_IDENTITY[sdk=iphoneos*]" = "";
				DEFINES_MODULE = YES;
				DYLIB_COMPATIBILITY_VERSION = 1;
				DYLIB_CURRENT_VERSION = 1;
				DYLIB_INSTALL_NAME_BASE = "@rpath";
				FRAMEWORK_SEARCH_PATHS = "$(inherited)";
				INFOPLIST_FILE = "$(SRCROOT)/Soundcloud iOS/Info.plist";
				INSTALL_PATH = "$(LOCAL_LIBRARY_DIR)/Frameworks";
				LD_RUNPATH_SEARCH_PATHS = "$(inherited) @executable_path/Frameworks @loader_path/Frameworks";
				PRODUCT_BUNDLE_IDENTIFIER = "be.delannoyk.$(PRODUCT_NAME:rfc1034identifier)";
				PRODUCT_NAME = Soundcloud;
				SKIP_INSTALL = YES;
				SWIFT_VERSION = 3.0;
			};
			name = Release;
		};
		4656CE841A9CF05600319B94 /* Debug */ = {
			isa = XCBuildConfiguration;
			baseConfigurationReference = 40A6BB46199562B92583089E /* Pods-SoundcloudTests.debug.xcconfig */;
			buildSettings = {
				DEVELOPMENT_TEAM = 937TDBQ4TP;
				FRAMEWORK_SEARCH_PATHS = "$(inherited)";
				GCC_PREPROCESSOR_DEFINITIONS = (
					"DEBUG=1",
					"$(inherited)",
				);
				INFOPLIST_FILE = SoundcloudSDKTests/Info.plist;
				LD_RUNPATH_SEARCH_PATHS = "$(inherited) @executable_path/Frameworks @loader_path/Frameworks";
				PRODUCT_BUNDLE_IDENTIFIER = "be.delannoyk.$(PRODUCT_NAME:rfc1034identifier)";
				PRODUCT_NAME = SoundcloudTests;
				SWIFT_VERSION = 3.0;
			};
			name = Debug;
		};
		4656CE851A9CF05600319B94 /* Release */ = {
			isa = XCBuildConfiguration;
			baseConfigurationReference = 4E13CF9C49E68F53A217EEE7 /* Pods-SoundcloudTests.release.xcconfig */;
			buildSettings = {
				DEVELOPMENT_TEAM = "";
				FRAMEWORK_SEARCH_PATHS = "$(inherited)";
				INFOPLIST_FILE = SoundcloudSDKTests/Info.plist;
				LD_RUNPATH_SEARCH_PATHS = "$(inherited) @executable_path/Frameworks @loader_path/Frameworks";
				PRODUCT_BUNDLE_IDENTIFIER = "be.delannoyk.$(PRODUCT_NAME:rfc1034identifier)";
				PRODUCT_NAME = SoundcloudTests;
				SWIFT_VERSION = 3.0;
			};
			name = Release;
		};
/* End XCBuildConfiguration section */

/* Begin XCConfigurationList section */
		460388F41C3EDE5C00997DC8 /* Build configuration list for PBXNativeTarget "Soundcloud OSX" */ = {
			isa = XCConfigurationList;
			buildConfigurations = (
				460388F21C3EDE5C00997DC8 /* Debug */,
				460388F31C3EDE5C00997DC8 /* Release */,
			);
			defaultConfigurationIsVisible = 0;
			defaultConfigurationName = Release;
		};
		460EEFA71B5A4B1A004444C6 /* Build configuration list for PBXNativeTarget "SoundcloudAppTest" */ = {
			isa = XCConfigurationList;
			buildConfigurations = (
				460EEFA31B5A4B1A004444C6 /* Debug */,
				460EEFA41B5A4B1A004444C6 /* Release */,
			);
			defaultConfigurationIsVisible = 0;
			defaultConfigurationName = Release;
		};
		46263CB41C3D894000FA0E03 /* Build configuration list for PBXNativeTarget "Soundcloud tvOS" */ = {
			isa = XCConfigurationList;
			buildConfigurations = (
				46263CB21C3D894000FA0E03 /* Debug */,
				46263CB31C3D894000FA0E03 /* Release */,
			);
			defaultConfigurationIsVisible = 0;
			defaultConfigurationName = Release;
		};
		4656CE641A9CF05600319B94 /* Build configuration list for PBXProject "Soundcloud" */ = {
			isa = XCConfigurationList;
			buildConfigurations = (
				4656CE7E1A9CF05600319B94 /* Debug */,
				4656CE7F1A9CF05600319B94 /* Release */,
			);
			defaultConfigurationIsVisible = 0;
			defaultConfigurationName = Release;
		};
		4656CE801A9CF05600319B94 /* Build configuration list for PBXNativeTarget "Soundcloud iOS" */ = {
			isa = XCConfigurationList;
			buildConfigurations = (
				4656CE811A9CF05600319B94 /* Debug */,
				4656CE821A9CF05600319B94 /* Release */,
			);
			defaultConfigurationIsVisible = 0;
			defaultConfigurationName = Release;
		};
		4656CE831A9CF05600319B94 /* Build configuration list for PBXNativeTarget "SoundcloudTests" */ = {
			isa = XCConfigurationList;
			buildConfigurations = (
				4656CE841A9CF05600319B94 /* Debug */,
				4656CE851A9CF05600319B94 /* Release */,
			);
			defaultConfigurationIsVisible = 0;
			defaultConfigurationName = Release;
		};
/* End XCConfigurationList section */
	};
	rootObject = 4656CE611A9CF05600319B94 /* Project object */;
}
